
Microsoft Visual Studio Solution File, Format Version 12.00
# Visual Studio Version 17
VisualStudioVersion = 17.9.34728.123
MinimumVisualStudioVersion = 10.0.40219.1
Project("{FAE04EC0-301F-11D3-BF4B-00C04F79EFBC}") = "KAiSD12lab", "KAiSD12lab\KAiSD12lab.csproj", "{A539AA75-D414-49CE-9228-784E6303173E}"
EndProject
Global
	GlobalSection(SolutionConfigurationPlatforms) = preSolution
		Debug|Any CPU = Debug|Any CPU
		Release|Any CPU = Release|Any CPU
	EndGlobalSection
	GlobalSection(ProjectConfigurationPlatforms) = postSolution
		{A539AA75-D414-49CE-9228-784E6303173E}.Debug|Any CPU.ActiveCfg = Debug|Any CPU
		{A539AA75-D414-49CE-9228-784E6303173E}.Debug|Any CPU.Build.0 = Debug|Any CPU
		{A539AA75-D414-49CE-9228-784E6303173E}.Release|Any CPU.ActiveCfg = Release|Any CPU
		{A539AA75-D414-49CE-9228-784E6303173E}.Release|Any CPU.Build.0 = Release|Any CPU
	EndGlobalSection
	GlobalSection(SolutionProperties) = preSolution
		HideSolutionNode = FALSE
	EndGlobalSection
	GlobalSection(ExtensibilityGlobals) = postSolution
		SolutionGuid = {BF16B42B-8960-4BBD-BF90-2D2AF238BAE5}
	EndGlobalSection
EndGlobal
