
Microsoft Visual Studio Solution File, Format Version 12.00
# Visual Studio Version 17
VisualStudioVersion = 17.9.34728.123
MinimumVisualStudioVersion = 10.0.40219.1
Project("{FAE04EC0-301F-11D3-BF4B-00C04F79EFBC}") = "KAiSDlab10", "KAiSDlab10\KAiSDlab10.csproj", "{7C236F03-62BA-4364-B6E0-45AAD5CD814A}"
EndProject
Global
	GlobalSection(SolutionConfigurationPlatforms) = preSolution
		Debug|Any CPU = Debug|Any CPU
		Release|Any CPU = Release|Any CPU
	EndGlobalSection
	GlobalSection(ProjectConfigurationPlatforms) = postSolution
		{7C236F03-62BA-4364-B6E0-45AAD5CD814A}.Debug|Any CPU.ActiveCfg = Debug|Any CPU
		{7C236F03-62BA-4364-B6E0-45AAD5CD814A}.Debug|Any CPU.Build.0 = Debug|Any CPU
		{7C236F03-62BA-4364-B6E0-45AAD5CD814A}.Release|Any CPU.ActiveCfg = Release|Any CPU
		{7C236F03-62BA-4364-B6E0-45AAD5CD814A}.Release|Any CPU.Build.0 = Release|Any CPU
	EndGlobalSection
	GlobalSection(SolutionProperties) = preSolution
		HideSolutionNode = FALSE
	EndGlobalSection
	GlobalSection(ExtensibilityGlobals) = postSolution
		SolutionGuid = {FD9E387F-BC17-4460-83CC-AA235EBAB990}
	EndGlobalSection
EndGlobal
