
Microsoft Visual Studio Solution File, Format Version 12.00
# Visual Studio Version 17
VisualStudioVersion = 17.9.34728.123
MinimumVisualStudioVersion = 10.0.40219.1
Project("{FAE04EC0-301F-11D3-BF4B-00C04F79EFBC}") = "KAiSDlab6", "KAiSDlab6\KAiSDlab6.csproj", "{DA2C163E-9806-4FC9-8827-93B5F9535366}"
EndProject
Global
	GlobalSection(SolutionConfigurationPlatforms) = preSolution
		Debug|Any CPU = Debug|Any CPU
		Release|Any CPU = Release|Any CPU
	EndGlobalSection
	GlobalSection(ProjectConfigurationPlatforms) = postSolution
		{DA2C163E-9806-4FC9-8827-93B5F9535366}.Debug|Any CPU.ActiveCfg = Debug|Any CPU
		{DA2C163E-9806-4FC9-8827-93B5F9535366}.Debug|Any CPU.Build.0 = Debug|Any CPU
		{DA2C163E-9806-4FC9-8827-93B5F9535366}.Release|Any CPU.ActiveCfg = Release|Any CPU
		{DA2C163E-9806-4FC9-8827-93B5F9535366}.Release|Any CPU.Build.0 = Release|Any CPU
	EndGlobalSection
	GlobalSection(SolutionProperties) = preSolution
		HideSolutionNode = FALSE
	EndGlobalSection
	GlobalSection(ExtensibilityGlobals) = postSolution
		SolutionGuid = {C5F86FEB-382F-4424-BF24-64F5689475E7}
	EndGlobalSection
EndGlobal
